
Microsoft Visual Studio Solution File, Format Version 12.00
# Visual Studio Version 17
VisualStudioVersion = 17.13.35825.156
MinimumVisualStudioVersion = 10.0.40219.1
Project("{FAE04EC0-301F-11D3-BF4B-00C04F79EFBC}") = "ShopApp.Core", "ShopApp.Core\ShopApp.Core.csproj", "{58F8A384-2AF7-1497-8967-B5BC4669D8A7}"
EndProject
Project("{FAE04EC0-301F-11D3-BF4B-00C04F79EFBC}") = "ShopApp.Core.Tests", "ShopApp.Core.Tests\ShopApp.Core.Tests.csproj", "{93466408-79A9-4E82-98A3-836F5F50420A}"
EndProject
Global
	GlobalSection(SolutionConfigurationPlatforms) = preSolution
		Debug|Any CPU = Debug|Any CPU
		Release|Any CPU = Release|Any CPU
	EndGlobalSection
	GlobalSection(ProjectConfigurationPlatforms) = postSolution
		{58F8A384-2AF7-1497-8967-B5BC4669D8A7}.Debug|Any CPU.ActiveCfg = Debug|Any CPU
		{58F8A384-2AF7-1497-8967-B5BC4669D8A7}.Debug|Any CPU.Build.0 = Debug|Any CPU
		{58F8A384-2AF7-1497-8967-B5BC4669D8A7}.Release|Any CPU.ActiveCfg = Release|Any CPU
		{58F8A384-2AF7-1497-8967-B5BC4669D8A7}.Release|Any CPU.Build.0 = Release|Any CPU
		{93466408-79A9-4E82-98A3-836F5F50420A}.Debug|Any CPU.ActiveCfg = Debug|Any CPU
		{93466408-79A9-4E82-98A3-836F5F50420A}.Debug|Any CPU.Build.0 = Debug|Any CPU
		{93466408-79A9-4E82-98A3-836F5F50420A}.Release|Any CPU.ActiveCfg = Release|Any CPU
		{93466408-79A9-4E82-98A3-836F5F50420A}.Release|Any CPU.Build.0 = Release|Any CPU
	EndGlobalSection
	GlobalSection(SolutionProperties) = preSolution
		HideSolutionNode = FALSE
	EndGlobalSection
	GlobalSection(ExtensibilityGlobals) = postSolution
		SolutionGuid = {888436A7-A89E-471A-A855-1F43B6C7A777}
	EndGlobalSection
EndGlobal
